packages:
- package: elementary-data/elementary
  version: 0.13.1
- package: dbt-labs/dbt_utils
  version: 1.1.1
- git: https://github.com/calogica/dbt-expectations.git
  revision: 4ed3c14f1cd1550f75c9c6441f744de5e46f46fa
- package: calogica/dbt_date
  version: 0.10.0
sha1_hash: 0bfcd022abba1a5a161e2c0747c6c8295836cbd1
